
Microsoft Visual Studio Solution File, Format Version 12.00
Project("{FAE04EC0-301F-11D3-BF4B-00C04F79EFBC}") = "Algorithms.TwoSum", "Algorithms.TwoSum\Algorithms.TwoSum.csproj", "{B36BAA25-BE44-40BB-95AA-D0C69411A685}"
EndProject
Project("{FAE04EC0-301F-11D3-BF4B-00C04F79EFBC}") = "Algorithms.LengthOfLongestSubstring", "Algorithms.LengthOfLongestSubstring\Algorithms.LengthOfLongestSubstring.csproj", "{7767684C-E48B-4581-BD99-912AB429C46A}"
EndProject
Global
	GlobalSection(SolutionConfigurationPlatforms) = preSolution
		Debug|Any CPU = Debug|Any CPU
		Release|Any CPU = Release|Any CPU
	EndGlobalSection
	GlobalSection(ProjectConfigurationPlatforms) = postSolution
		{B36BAA25-BE44-40BB-95AA-D0C69411A685}.Debug|Any CPU.ActiveCfg = Debug|Any CPU
		{B36BAA25-BE44-40BB-95AA-D0C69411A685}.Debug|Any CPU.Build.0 = Debug|Any CPU
		{B36BAA25-BE44-40BB-95AA-D0C69411A685}.Release|Any CPU.ActiveCfg = Release|Any CPU
		{B36BAA25-BE44-40BB-95AA-D0C69411A685}.Release|Any CPU.Build.0 = Release|Any CPU
		{7767684C-E48B-4581-BD99-912AB429C46A}.Debug|Any CPU.ActiveCfg = Debug|Any CPU
		{7767684C-E48B-4581-BD99-912AB429C46A}.Debug|Any CPU.Build.0 = Debug|Any CPU
		{7767684C-E48B-4581-BD99-912AB429C46A}.Release|Any CPU.ActiveCfg = Release|Any CPU
		{7767684C-E48B-4581-BD99-912AB429C46A}.Release|Any CPU.Build.0 = Release|Any CPU
	EndGlobalSection
EndGlobal
